
Microsoft Visual Studio Solution File, Format Version 12.00
# Visual Studio Version 16
VisualStudioVersion = 16.0.29102.190
MinimumVisualStudioVersion = 10.0.40219.1
Project("{FAE04EC0-301F-11D3-BF4B-00C04F79EFBC}") = "WPFTask1.0", "WPFTask1.0\WPFTask1.0.csproj", "{2EC229FE-AAF8-4D99-A80C-058A5607C144}"
EndProject
Global
	GlobalSection(SolutionConfigurationPlatforms) = preSolution
		Debug|Any CPU = Debug|Any CPU
		Release|Any CPU = Release|Any CPU
	EndGlobalSection
	GlobalSection(ProjectConfigurationPlatforms) = postSolution
		{2EC229FE-AAF8-4D99-A80C-058A5607C144}.Debug|Any CPU.ActiveCfg = Debug|Any CPU
		{2EC229FE-AAF8-4D99-A80C-058A5607C144}.Debug|Any CPU.Build.0 = Debug|Any CPU
		{2EC229FE-AAF8-4D99-A80C-058A5607C144}.Release|Any CPU.ActiveCfg = Release|Any CPU
		{2EC229FE-AAF8-4D99-A80C-058A5607C144}.Release|Any CPU.Build.0 = Release|Any CPU
	EndGlobalSection
	GlobalSection(SolutionProperties) = preSolution
		HideSolutionNode = FALSE
	EndGlobalSection
	GlobalSection(ExtensibilityGlobals) = postSolution
		SolutionGuid = {03215B92-E63F-4F25-826D-E6F1D1D95B1A}
	EndGlobalSection
EndGlobal
